
Microsoft Visual Studio Solution File, Format Version 12.00
# Visual Studio Version 16
VisualStudioVersion = 16.0.31205.134
MinimumVisualStudioVersion = 10.0.40219.1
Project("{FAE04EC0-301F-11D3-BF4B-00C04F79EFBC}") = "Alunos", "Alunos\Alunos.csproj", "{CF65A33C-1DB6-42F1-9B7E-D3ED0A87654F}"
EndProject
Global
	GlobalSection(SolutionConfigurationPlatforms) = preSolution
		Debug|Any CPU = Debug|Any CPU
		Release|Any CPU = Release|Any CPU
	EndGlobalSection
	GlobalSection(ProjectConfigurationPlatforms) = postSolution
		{CF65A33C-1DB6-42F1-9B7E-D3ED0A87654F}.Debug|Any CPU.ActiveCfg = Debug|Any CPU
		{CF65A33C-1DB6-42F1-9B7E-D3ED0A87654F}.Debug|Any CPU.Build.0 = Debug|Any CPU
		{CF65A33C-1DB6-42F1-9B7E-D3ED0A87654F}.Release|Any CPU.ActiveCfg = Release|Any CPU
		{CF65A33C-1DB6-42F1-9B7E-D3ED0A87654F}.Release|Any CPU.Build.0 = Release|Any CPU
	EndGlobalSection
	GlobalSection(SolutionProperties) = preSolution
		HideSolutionNode = FALSE
	EndGlobalSection
	GlobalSection(ExtensibilityGlobals) = postSolution
		SolutionGuid = {065388C8-99E3-4277-A678-96B62424BEF5}
	EndGlobalSection
EndGlobal
